
Microsoft Visual Studio Solution File, Format Version 12.00
# Visual Studio Version 17
VisualStudioVersion = 17.8.34316.72
MinimumVisualStudioVersion = 10.0.40219.1
Project("{2150E333-8FDC-42A3-9474-1A3956D46DE8}") = "services", "services", "{30367D49-9EA2-47A8-9560-1E714C91B989}"
EndProject
Project("{2150E333-8FDC-42A3-9474-1A3956D46DE8}") = "library", "library", "{A4D153AB-3440-48D5-AEAC-5162AFFA23D7}"
EndProject
Project("{9A19103F-16F7-4668-BE54-9A1E7A4F7556}") = "Api", "services\library\Api\Api.csproj", "{E797FFBC-9D41-4E30-A4A0-D9AFDB93B50B}"
EndProject
Project("{9A19103F-16F7-4668-BE54-9A1E7A4F7556}") = "Domain", "services\library\Domain\Domain.csproj", "{3FBE6AF4-31C6-4048-9F78-6833D341113C}"
EndProject
Project("{9A19103F-16F7-4668-BE54-9A1E7A4F7556}") = "Infrastructure", "services\library\Infrastructure\Infrastructure.csproj", "{DF5146A2-12EA-4839-87FC-11D23CF790F4}"
EndProject
Project("{9A19103F-16F7-4668-BE54-9A1E7A4F7556}") = "Application", "services\library\Application\Application.csproj", "{38F19EB6-07A4-47E3-B246-7CAECC763CFA}"
EndProject
Project("{2150E333-8FDC-42A3-9474-1A3956D46DE8}") = "cart", "cart", "{5BFD9B2F-F23E-4D38-B733-A77B7065C480}"
EndProject
Project("{9A19103F-16F7-4668-BE54-9A1E7A4F7556}") = "Api", "services\cart\Api\Api.csproj", "{0FC962CB-3BF0-4FA3-BA62-6168DFFFA43C}"
EndProject
Project("{9A19103F-16F7-4668-BE54-9A1E7A4F7556}") = "Application", "services\cart\Application\Application.csproj", "{AAA77296-991B-4484-A8CC-609DD077A07E}"
EndProject
Project("{9A19103F-16F7-4668-BE54-9A1E7A4F7556}") = "Domain", "services\cart\Domain\Domain.csproj", "{E7E29DF4-2158-44C6-8D42-F249A53EA7A5}"
EndProject
Project("{9A19103F-16F7-4668-BE54-9A1E7A4F7556}") = "Infrastructure", "services\cart\Infrastructure\Infrastructure.csproj", "{8CCC794A-6B18-48D7-9A03-56D41BB4F14F}"
EndProject
Global
	GlobalSection(SolutionConfigurationPlatforms) = preSolution
		Debug|Any CPU = Debug|Any CPU
		Release|Any CPU = Release|Any CPU
	EndGlobalSection
	GlobalSection(ProjectConfigurationPlatforms) = postSolution
		{E797FFBC-9D41-4E30-A4A0-D9AFDB93B50B}.Debug|Any CPU.ActiveCfg = Debug|Any CPU
		{E797FFBC-9D41-4E30-A4A0-D9AFDB93B50B}.Debug|Any CPU.Build.0 = Debug|Any CPU
		{E797FFBC-9D41-4E30-A4A0-D9AFDB93B50B}.Release|Any CPU.ActiveCfg = Release|Any CPU
		{E797FFBC-9D41-4E30-A4A0-D9AFDB93B50B}.Release|Any CPU.Build.0 = Release|Any CPU
		{3FBE6AF4-31C6-4048-9F78-6833D341113C}.Debug|Any CPU.ActiveCfg = Debug|Any CPU
		{3FBE6AF4-31C6-4048-9F78-6833D341113C}.Debug|Any CPU.Build.0 = Debug|Any CPU
		{3FBE6AF4-31C6-4048-9F78-6833D341113C}.Release|Any CPU.ActiveCfg = Release|Any CPU
		{3FBE6AF4-31C6-4048-9F78-6833D341113C}.Release|Any CPU.Build.0 = Release|Any CPU
		{DF5146A2-12EA-4839-87FC-11D23CF790F4}.Debug|Any CPU.ActiveCfg = Debug|Any CPU
		{DF5146A2-12EA-4839-87FC-11D23CF790F4}.Debug|Any CPU.Build.0 = Debug|Any CPU
		{DF5146A2-12EA-4839-87FC-11D23CF790F4}.Release|Any CPU.ActiveCfg = Release|Any CPU
		{DF5146A2-12EA-4839-87FC-11D23CF790F4}.Release|Any CPU.Build.0 = Release|Any CPU
		{38F19EB6-07A4-47E3-B246-7CAECC763CFA}.Debug|Any CPU.ActiveCfg = Debug|Any CPU
		{38F19EB6-07A4-47E3-B246-7CAECC763CFA}.Debug|Any CPU.Build.0 = Debug|Any CPU
		{38F19EB6-07A4-47E3-B246-7CAECC763CFA}.Release|Any CPU.ActiveCfg = Release|Any CPU
		{38F19EB6-07A4-47E3-B246-7CAECC763CFA}.Release|Any CPU.Build.0 = Release|Any CPU
		{0FC962CB-3BF0-4FA3-BA62-6168DFFFA43C}.Debug|Any CPU.ActiveCfg = Debug|Any CPU
		{0FC962CB-3BF0-4FA3-BA62-6168DFFFA43C}.Debug|Any CPU.Build.0 = Debug|Any CPU
		{0FC962CB-3BF0-4FA3-BA62-6168DFFFA43C}.Release|Any CPU.ActiveCfg = Release|Any CPU
		{0FC962CB-3BF0-4FA3-BA62-6168DFFFA43C}.Release|Any CPU.Build.0 = Release|Any CPU
		{AAA77296-991B-4484-A8CC-609DD077A07E}.Debug|Any CPU.ActiveCfg = Debug|Any CPU
		{AAA77296-991B-4484-A8CC-609DD077A07E}.Debug|Any CPU.Build.0 = Debug|Any CPU
		{AAA77296-991B-4484-A8CC-609DD077A07E}.Release|Any CPU.ActiveCfg = Release|Any CPU
		{AAA77296-991B-4484-A8CC-609DD077A07E}.Release|Any CPU.Build.0 = Release|Any CPU
		{E7E29DF4-2158-44C6-8D42-F249A53EA7A5}.Debug|Any CPU.ActiveCfg = Debug|Any CPU
		{E7E29DF4-2158-44C6-8D42-F249A53EA7A5}.Debug|Any CPU.Build.0 = Debug|Any CPU
		{E7E29DF4-2158-44C6-8D42-F249A53EA7A5}.Release|Any CPU.ActiveCfg = Release|Any CPU
		{E7E29DF4-2158-44C6-8D42-F249A53EA7A5}.Release|Any CPU.Build.0 = Release|Any CPU
		{8CCC794A-6B18-48D7-9A03-56D41BB4F14F}.Debug|Any CPU.ActiveCfg = Debug|Any CPU
		{8CCC794A-6B18-48D7-9A03-56D41BB4F14F}.Debug|Any CPU.Build.0 = Debug|Any CPU
		{8CCC794A-6B18-48D7-9A03-56D41BB4F14F}.Release|Any CPU.ActiveCfg = Release|Any CPU
		{8CCC794A-6B18-48D7-9A03-56D41BB4F14F}.Release|Any CPU.Build.0 = Release|Any CPU
	EndGlobalSection
	GlobalSection(SolutionProperties) = preSolution
		HideSolutionNode = FALSE
	EndGlobalSection
	GlobalSection(NestedProjects) = preSolution
		{A4D153AB-3440-48D5-AEAC-5162AFFA23D7} = {30367D49-9EA2-47A8-9560-1E714C91B989}
		{E797FFBC-9D41-4E30-A4A0-D9AFDB93B50B} = {A4D153AB-3440-48D5-AEAC-5162AFFA23D7}
		{3FBE6AF4-31C6-4048-9F78-6833D341113C} = {A4D153AB-3440-48D5-AEAC-5162AFFA23D7}
		{DF5146A2-12EA-4839-87FC-11D23CF790F4} = {A4D153AB-3440-48D5-AEAC-5162AFFA23D7}
		{38F19EB6-07A4-47E3-B246-7CAECC763CFA} = {A4D153AB-3440-48D5-AEAC-5162AFFA23D7}
		{5BFD9B2F-F23E-4D38-B733-A77B7065C480} = {30367D49-9EA2-47A8-9560-1E714C91B989}
		{0FC962CB-3BF0-4FA3-BA62-6168DFFFA43C} = {5BFD9B2F-F23E-4D38-B733-A77B7065C480}
		{AAA77296-991B-4484-A8CC-609DD077A07E} = {5BFD9B2F-F23E-4D38-B733-A77B7065C480}
		{E7E29DF4-2158-44C6-8D42-F249A53EA7A5} = {5BFD9B2F-F23E-4D38-B733-A77B7065C480}
		{8CCC794A-6B18-48D7-9A03-56D41BB4F14F} = {5BFD9B2F-F23E-4D38-B733-A77B7065C480}
	EndGlobalSection
	GlobalSection(ExtensibilityGlobals) = postSolution
		SolutionGuid = {F9F30A63-2FC2-43F2-9FE3-DE557586E799}
	EndGlobalSection
EndGlobal
