
Microsoft Visual Studio Solution File, Format Version 12.00
# Visual Studio Version 17
VisualStudioVersion = 17.8.34316.72
MinimumVisualStudioVersion = 10.0.40219.1
Project("{FAE04EC0-301F-11D3-BF4B-00C04F79EFBC}") = "LibraryManagementSystem", "LibraryManagementSystem\LibraryManagementSystem.csproj", "{B380E652-ECE5-4E40-B72A-E2A8558BAF04}"
EndProject
Project("{2150E333-8FDC-42A3-9474-1A3956D46DE8}") = "services", "services", "{30367D49-9EA2-47A8-9560-1E714C91B989}"
EndProject
Project("{2150E333-8FDC-42A3-9474-1A3956D46DE8}") = "library", "library", "{A4D153AB-3440-48D5-AEAC-5162AFFA23D7}"
EndProject
Project("{FAE04EC0-301F-11D3-BF4B-00C04F79EFBC}") = "Api", "services\library\Api\Api.csproj", "{E797FFBC-9D41-4E30-A4A0-D9AFDB93B50B}"
EndProject
Project("{FAE04EC0-301F-11D3-BF4B-00C04F79EFBC}") = "Domain", "services\library\Domain\Domain.csproj", "{3FBE6AF4-31C6-4048-9F78-6833D341113C}"
EndProject
Project("{FAE04EC0-301F-11D3-BF4B-00C04F79EFBC}") = "Infrastructure", "services\library\Infrastructure\Infrastructure.csproj", "{DF5146A2-12EA-4839-87FC-11D23CF790F4}"
EndProject
Project("{FAE04EC0-301F-11D3-BF4B-00C04F79EFBC}") = "Application", "services\library\Application\Application.csproj", "{38F19EB6-07A4-47E3-B246-7CAECC763CFA}"
EndProject
Global
	GlobalSection(SolutionConfigurationPlatforms) = preSolution
		Debug|Any CPU = Debug|Any CPU
		Release|Any CPU = Release|Any CPU
	EndGlobalSection
	GlobalSection(ProjectConfigurationPlatforms) = postSolution
		{B380E652-ECE5-4E40-B72A-E2A8558BAF04}.Debug|Any CPU.ActiveCfg = Debug|Any CPU
		{B380E652-ECE5-4E40-B72A-E2A8558BAF04}.Debug|Any CPU.Build.0 = Debug|Any CPU
		{B380E652-ECE5-4E40-B72A-E2A8558BAF04}.Release|Any CPU.ActiveCfg = Release|Any CPU
		{B380E652-ECE5-4E40-B72A-E2A8558BAF04}.Release|Any CPU.Build.0 = Release|Any CPU
		{E797FFBC-9D41-4E30-A4A0-D9AFDB93B50B}.Debug|Any CPU.ActiveCfg = Debug|Any CPU
		{E797FFBC-9D41-4E30-A4A0-D9AFDB93B50B}.Debug|Any CPU.Build.0 = Debug|Any CPU
		{E797FFBC-9D41-4E30-A4A0-D9AFDB93B50B}.Release|Any CPU.ActiveCfg = Release|Any CPU
		{E797FFBC-9D41-4E30-A4A0-D9AFDB93B50B}.Release|Any CPU.Build.0 = Release|Any CPU
		{3FBE6AF4-31C6-4048-9F78-6833D341113C}.Debug|Any CPU.ActiveCfg = Debug|Any CPU
		{3FBE6AF4-31C6-4048-9F78-6833D341113C}.Debug|Any CPU.Build.0 = Debug|Any CPU
		{3FBE6AF4-31C6-4048-9F78-6833D341113C}.Release|Any CPU.ActiveCfg = Release|Any CPU
		{3FBE6AF4-31C6-4048-9F78-6833D341113C}.Release|Any CPU.Build.0 = Release|Any CPU
		{DF5146A2-12EA-4839-87FC-11D23CF790F4}.Debug|Any CPU.ActiveCfg = Debug|Any CPU
		{DF5146A2-12EA-4839-87FC-11D23CF790F4}.Debug|Any CPU.Build.0 = Debug|Any CPU
		{DF5146A2-12EA-4839-87FC-11D23CF790F4}.Release|Any CPU.ActiveCfg = Release|Any CPU
		{DF5146A2-12EA-4839-87FC-11D23CF790F4}.Release|Any CPU.Build.0 = Release|Any CPU
		{38F19EB6-07A4-47E3-B246-7CAECC763CFA}.Debug|Any CPU.ActiveCfg = Debug|Any CPU
		{38F19EB6-07A4-47E3-B246-7CAECC763CFA}.Debug|Any CPU.Build.0 = Debug|Any CPU
		{38F19EB6-07A4-47E3-B246-7CAECC763CFA}.Release|Any CPU.ActiveCfg = Release|Any CPU
		{38F19EB6-07A4-47E3-B246-7CAECC763CFA}.Release|Any CPU.Build.0 = Release|Any CPU
	EndGlobalSection
	GlobalSection(SolutionProperties) = preSolution
		HideSolutionNode = FALSE
	EndGlobalSection
	GlobalSection(NestedProjects) = preSolution
		{A4D153AB-3440-48D5-AEAC-5162AFFA23D7} = {30367D49-9EA2-47A8-9560-1E714C91B989}
		{E797FFBC-9D41-4E30-A4A0-D9AFDB93B50B} = {A4D153AB-3440-48D5-AEAC-5162AFFA23D7}
		{3FBE6AF4-31C6-4048-9F78-6833D341113C} = {A4D153AB-3440-48D5-AEAC-5162AFFA23D7}
		{DF5146A2-12EA-4839-87FC-11D23CF790F4} = {A4D153AB-3440-48D5-AEAC-5162AFFA23D7}
		{38F19EB6-07A4-47E3-B246-7CAECC763CFA} = {A4D153AB-3440-48D5-AEAC-5162AFFA23D7}
	EndGlobalSection
	GlobalSection(ExtensibilityGlobals) = postSolution
		SolutionGuid = {F9F30A63-2FC2-43F2-9FE3-DE557586E799}
	EndGlobalSection
EndGlobal
